
Microsoft Visual Studio Solution File, Format Version 12.00
# Visual Studio 15
VisualStudioVersion = 15.0.27703.2026
MinimumVisualStudioVersion = 10.0.40219.1
Project("{FAE04EC0-301F-11D3-BF4B-00C04F79EFBC}") = "JsonFormat", "JsonFormat\JsonFormat.csproj", "{0562E8FA-269D-4C02-8CB6-1E88F64B43EB}"
EndProject
Global
	GlobalSection(SolutionConfigurationPlatforms) = preSolution
		Debug|Any CPU = Debug|Any CPU
		Release|Any CPU = Release|Any CPU
	EndGlobalSection
	GlobalSection(ProjectConfigurationPlatforms) = postSolution
		{0562E8FA-269D-4C02-8CB6-1E88F64B43EB}.Debug|Any CPU.ActiveCfg = Debug|Any CPU
		{0562E8FA-269D-4C02-8CB6-1E88F64B43EB}.Debug|Any CPU.Build.0 = Debug|Any CPU
		{0562E8FA-269D-4C02-8CB6-1E88F64B43EB}.Release|Any CPU.ActiveCfg = Release|Any CPU
		{0562E8FA-269D-4C02-8CB6-1E88F64B43EB}.Release|Any CPU.Build.0 = Release|Any CPU
	EndGlobalSection
	GlobalSection(SolutionProperties) = preSolution
		HideSolutionNode = FALSE
	EndGlobalSection
	GlobalSection(ExtensibilityGlobals) = postSolution
		SolutionGuid = {D39B27CD-2F87-46C9-B091-BBEA80252E0E}
	EndGlobalSection
EndGlobal
